# THIS IS AN AUTOGENERATED FILE. DO NOT EDIT THIS FILE DIRECTLY.
# yarn lockfile v1


node-cmd@^5.0.0:
  version "5.0.0"
  resolved "https://registry.yarnpkg.com/node-cmd/-/node-cmd-5.0.0.tgz#a4a850b569e009bec0199a131c9db607144fdbc0"
  integrity sha512-4sQTJmsS5uZKAPz/Df9fnIbmvOySfGdW+UreH4X5NcAOOpKjaE+K5wf4ehNBbZVPo0vQ36RkRnhhsXXJAT+Syw==

tacc-core-styles@tacc-wbomar/Core-Styles.git#test/as-npm-package:
  version "0.1.0"
  resolved "https://codeload.github.com/tacc-wbomar/Core-Styles/tar.gz/a02082d22b8b91b65c1ae075d78e3716b15a5ea6"

yarn@^1.22.5:
  version "1.22.17"
  resolved "https://registry.yarnpkg.com/yarn/-/yarn-1.22.17.tgz#bf910747d22497b573131f7341c0e1d15c74036c"
  integrity sha512-H0p241BXaH0UN9IeH//RT82tl5PfNraVpSpEoW+ET7lmopNC61eZ+A+IDvU8FM6Go5vx162SncDL8J1ZjRBriQ==
